
Microsoft Visual Studio Solution File, Format Version 12.00
# Visual Studio Version 17
VisualStudioVersion = 17.14.36121.58 d17.14
MinimumVisualStudioVersion = 10.0.40219.1
Project("{FAE04EC0-301F-11D3-BF4B-00C04F79EFBC}") = "Basit hesaplama programı", "Basit hesaplama programı.csproj", "{5D3CD9A1-D4F1-450A-9B5E-C1B695CFCE7E}"
EndProject
Global
	GlobalSection(SolutionConfigurationPlatforms) = preSolution
		Debug|Any CPU = Debug|Any CPU
		Release|Any CPU = Release|Any CPU
	EndGlobalSection
	GlobalSection(ProjectConfigurationPlatforms) = postSolution
		{5D3CD9A1-D4F1-450A-9B5E-C1B695CFCE7E}.Debug|Any CPU.ActiveCfg = Debug|Any CPU
		{5D3CD9A1-D4F1-450A-9B5E-C1B695CFCE7E}.Debug|Any CPU.Build.0 = Debug|Any CPU
		{5D3CD9A1-D4F1-450A-9B5E-C1B695CFCE7E}.Release|Any CPU.ActiveCfg = Release|Any CPU
		{5D3CD9A1-D4F1-450A-9B5E-C1B695CFCE7E}.Release|Any CPU.Build.0 = Release|Any CPU
	EndGlobalSection
	GlobalSection(SolutionProperties) = preSolution
		HideSolutionNode = FALSE
	EndGlobalSection
	GlobalSection(ExtensibilityGlobals) = postSolution
		SolutionGuid = {080CF28C-7C82-4EBF-B5ED-106FED46B99A}
	EndGlobalSection
EndGlobal
